
Microsoft Visual Studio Solution File, Format Version 12.00
# Visual Studio Version 17
VisualStudioVersion = 17.12.35527.113 d17.12
MinimumVisualStudioVersion = 10.0.40219.1
Project("{FAE04EC0-301F-11D3-BF4B-00C04F79EFBC}") = "15_AverageCalculator", "15_AverageCalculator\15_AverageCalculator.csproj", "{4F87A7B6-57B5-4827-BA25-5F277408B54D}"
EndProject
Global
	GlobalSection(SolutionConfigurationPlatforms) = preSolution
		Debug|Any CPU = Debug|Any CPU
		Release|Any CPU = Release|Any CPU
	EndGlobalSection
	GlobalSection(ProjectConfigurationPlatforms) = postSolution
		{4F87A7B6-57B5-4827-BA25-5F277408B54D}.Debug|Any CPU.ActiveCfg = Debug|Any CPU
		{4F87A7B6-57B5-4827-BA25-5F277408B54D}.Debug|Any CPU.Build.0 = Debug|Any CPU
		{4F87A7B6-57B5-4827-BA25-5F277408B54D}.Release|Any CPU.ActiveCfg = Release|Any CPU
		{4F87A7B6-57B5-4827-BA25-5F277408B54D}.Release|Any CPU.Build.0 = Release|Any CPU
	EndGlobalSection
	GlobalSection(SolutionProperties) = preSolution
		HideSolutionNode = FALSE
	EndGlobalSection
EndGlobal
