
Microsoft Visual Studio Solution File, Format Version 12.00
# Visual Studio Version 17
VisualStudioVersion = 17.12.35527.113 d17.12
MinimumVisualStudioVersion = 10.0.40219.1
Project("{FAE04EC0-301F-11D3-BF4B-00C04F79EFBC}") = "23_Lambda", "23_Lambda\23_Lambda.csproj", "{ADF6161C-0672-421F-87B9-1451C4181079}"
EndProject
Global
	GlobalSection(SolutionConfigurationPlatforms) = preSolution
		Debug|Any CPU = Debug|Any CPU
		Release|Any CPU = Release|Any CPU
	EndGlobalSection
	GlobalSection(ProjectConfigurationPlatforms) = postSolution
		{ADF6161C-0672-421F-87B9-1451C4181079}.Debug|Any CPU.ActiveCfg = Debug|Any CPU
		{ADF6161C-0672-421F-87B9-1451C4181079}.Debug|Any CPU.Build.0 = Debug|Any CPU
		{ADF6161C-0672-421F-87B9-1451C4181079}.Release|Any CPU.ActiveCfg = Release|Any CPU
		{ADF6161C-0672-421F-87B9-1451C4181079}.Release|Any CPU.Build.0 = Release|Any CPU
	EndGlobalSection
	GlobalSection(SolutionProperties) = preSolution
		HideSolutionNode = FALSE
	EndGlobalSection
EndGlobal
