
Microsoft Visual Studio Solution File, Format Version 12.00
# Visual Studio Version 17
VisualStudioVersion = 17.12.35527.113 d17.12
MinimumVisualStudioVersion = 10.0.40219.1
Project("{FAE04EC0-301F-11D3-BF4B-00C04F79EFBC}") = "62_GenericsChallenge", "62_GenericsChallenge\62_GenericsChallenge.csproj", "{20FD4EFC-39A5-4728-8EAA-49B382B42254}"
EndProject
Global
	GlobalSection(SolutionConfigurationPlatforms) = preSolution
		Debug|Any CPU = Debug|Any CPU
		Release|Any CPU = Release|Any CPU
	EndGlobalSection
	GlobalSection(ProjectConfigurationPlatforms) = postSolution
		{20FD4EFC-39A5-4728-8EAA-49B382B42254}.Debug|Any CPU.ActiveCfg = Debug|Any CPU
		{20FD4EFC-39A5-4728-8EAA-49B382B42254}.Debug|Any CPU.Build.0 = Debug|Any CPU
		{20FD4EFC-39A5-4728-8EAA-49B382B42254}.Release|Any CPU.ActiveCfg = Release|Any CPU
		{20FD4EFC-39A5-4728-8EAA-49B382B42254}.Release|Any CPU.Build.0 = Release|Any CPU
	EndGlobalSection
	GlobalSection(SolutionProperties) = preSolution
		HideSolutionNode = FALSE
	EndGlobalSection
EndGlobal
